
Microsoft Visual Studio Solution File, Format Version 12.00
# Visual Studio Version 17
VisualStudioVersion = 17.4.33213.308
MinimumVisualStudioVersion = 10.0.40219.1
Project("{FAE04EC0-301F-11D3-BF4B-00C04F79EFBC}") = "CQRSandMediatR", "CQRSandMediatR\CQRSandMediatR.csproj", "{DE543D9A-F07C-428F-BFD7-663FE7B48205}"
EndProject
Global
	GlobalSection(SolutionConfigurationPlatforms) = preSolution
		Debug|Any CPU = Debug|Any CPU
		Release|Any CPU = Release|Any CPU
	EndGlobalSection
	GlobalSection(ProjectConfigurationPlatforms) = postSolution
		{DE543D9A-F07C-428F-BFD7-663FE7B48205}.Debug|Any CPU.ActiveCfg = Debug|Any CPU
		{DE543D9A-F07C-428F-BFD7-663FE7B48205}.Debug|Any CPU.Build.0 = Debug|Any CPU
		{DE543D9A-F07C-428F-BFD7-663FE7B48205}.Release|Any CPU.ActiveCfg = Release|Any CPU
		{DE543D9A-F07C-428F-BFD7-663FE7B48205}.Release|Any CPU.Build.0 = Release|Any CPU
	EndGlobalSection
	GlobalSection(SolutionProperties) = preSolution
		HideSolutionNode = FALSE
	EndGlobalSection
	GlobalSection(ExtensibilityGlobals) = postSolution
		SolutionGuid = {3582117C-4C88-4272-8340-3022F23CE990}
	EndGlobalSection
EndGlobal
